
Microsoft Visual Studio Solution File, Format Version 12.00
# Visual Studio 2013
VisualStudioVersion = 12.0.31101.0
MinimumVisualStudioVersion = 10.0.40219.1
Project("{FAE04EC0-301F-11D3-BF4B-00C04F79EFBC}") = "MangaRipper", "MangaRipper\MangaRipper.csproj", "{E4C5D602-ED1E-4C04-B845-74EC5A58530D}"
EndProject
Project("{FAE04EC0-301F-11D3-BF4B-00C04F79EFBC}") = "MangaRipper.Core", "MangaRipper.Core\MangaRipper.Core.csproj", "{13EFFE36-DBB8-4573-9260-B601177F66E3}"
EndProject
Project("{2150E333-8FDC-42A3-9474-1A3956D46DE8}") = "Solution Items", "Solution Items", "{B8ED32F2-7B54-495C-AE4A-E8914AEFC48D}"
	ProjectSection(SolutionItems) = preProject
		.gitattributes = .gitattributes
		.gitignore = .gitignore
		LICENSE.md = LICENSE.md
		README.md = README.md
	EndProjectSection
EndProject
Global
	GlobalSection(SolutionConfigurationPlatforms) = preSolution
		Debug|Any CPU = Debug|Any CPU
		Release|Any CPU = Release|Any CPU
	EndGlobalSection
	GlobalSection(ProjectConfigurationPlatforms) = postSolution
		{E4C5D602-ED1E-4C04-B845-74EC5A58530D}.Debug|Any CPU.ActiveCfg = Debug|Any CPU
		{E4C5D602-ED1E-4C04-B845-74EC5A58530D}.Debug|Any CPU.Build.0 = Debug|Any CPU
		{E4C5D602-ED1E-4C04-B845-74EC5A58530D}.Release|Any CPU.ActiveCfg = Release|Any CPU
		{E4C5D602-ED1E-4C04-B845-74EC5A58530D}.Release|Any CPU.Build.0 = Release|Any CPU
		{13EFFE36-DBB8-4573-9260-B601177F66E3}.Debug|Any CPU.ActiveCfg = Debug|Any CPU
		{13EFFE36-DBB8-4573-9260-B601177F66E3}.Debug|Any CPU.Build.0 = Debug|Any CPU
		{13EFFE36-DBB8-4573-9260-B601177F66E3}.Release|Any CPU.ActiveCfg = Release|Any CPU
		{13EFFE36-DBB8-4573-9260-B601177F66E3}.Release|Any CPU.Build.0 = Release|Any CPU
	EndGlobalSection
	GlobalSection(SolutionProperties) = preSolution
		HideSolutionNode = FALSE
	EndGlobalSection
	GlobalSection(TestCaseManagementSettings) = postSolution
		CategoryFile = MangaRipper.vsmdi
	EndGlobalSection
EndGlobal
